
Microsoft Visual Studio Solution File, Format Version 12.00
# Visual Studio 14
VisualStudioVersion = 14.0.25420.1
MinimumVisualStudioVersion = 10.0.40219.1
Project("{FAE04EC0-301F-11D3-BF4B-00C04F79EFBC}") = "WebDocuments", "WebDocuments\WebDocuments.csproj", "{6D6EBCC5-DB06-4F21-9CFC-D2B09E95E09C}"
EndProject
Project("{2150E333-8FDC-42A3-9474-1A3956D46DE8}") = "eDocuments.BusinessEntity", "eDocuments.BusinessEntity", "{57F68E89-F3D9-4C0F-A101-48C7C1BF0BDE}"
EndProject
Project("{2150E333-8FDC-42A3-9474-1A3956D46DE8}") = "eDocuments.BusinessLogic", "eDocuments.BusinessLogic", "{98DB9661-08C8-4584-9E12-1B24087DDB4B}"
EndProject
Project("{2150E333-8FDC-42A3-9474-1A3956D46DE8}") = "eDocuments.DataAccess", "eDocuments.DataAccess", "{5A4D69F4-A453-49FE-B5AD-37332F1FDEF5}"
EndProject
Project("{2150E333-8FDC-42A3-9474-1A3956D46DE8}") = "eDocuments.Web", "eDocuments.Web", "{6EB8AF6C-DC45-4096-867A-1C955671DCFD}"
EndProject
Project("{FAE04EC0-301F-11D3-BF4B-00C04F79EFBC}") = "eDocuments.BusinessEntity", "eDocuments.BusinessEntity\eDocuments.BusinessEntity.csproj", "{DB3FD21D-68B9-421C-9D24-71CEADC74A15}"
EndProject
Project("{FAE04EC0-301F-11D3-BF4B-00C04F79EFBC}") = "eDocuments.BusinessLogic", "eDocuments.BusinessLogic\eDocuments.BusinessLogic.csproj", "{6801615B-3B1C-4528-9A60-2942FEBC4A8F}"
EndProject
Project("{FAE04EC0-301F-11D3-BF4B-00C04F79EFBC}") = "eDocuments.DataAccess", "eDocuments.DataAccess\eDocuments.DataAccess.csproj", "{866AF378-C2F0-4E27-8A88-679A246DC6C3}"
EndProject
Global
	GlobalSection(SolutionConfigurationPlatforms) = preSolution
		Debug|Any CPU = Debug|Any CPU
		Release|Any CPU = Release|Any CPU
	EndGlobalSection
	GlobalSection(ProjectConfigurationPlatforms) = postSolution
		{6D6EBCC5-DB06-4F21-9CFC-D2B09E95E09C}.Debug|Any CPU.ActiveCfg = Debug|Any CPU
		{6D6EBCC5-DB06-4F21-9CFC-D2B09E95E09C}.Debug|Any CPU.Build.0 = Debug|Any CPU
		{6D6EBCC5-DB06-4F21-9CFC-D2B09E95E09C}.Release|Any CPU.ActiveCfg = Release|Any CPU
		{6D6EBCC5-DB06-4F21-9CFC-D2B09E95E09C}.Release|Any CPU.Build.0 = Release|Any CPU
		{DB3FD21D-68B9-421C-9D24-71CEADC74A15}.Debug|Any CPU.ActiveCfg = Debug|Any CPU
		{DB3FD21D-68B9-421C-9D24-71CEADC74A15}.Debug|Any CPU.Build.0 = Debug|Any CPU
		{DB3FD21D-68B9-421C-9D24-71CEADC74A15}.Release|Any CPU.ActiveCfg = Release|Any CPU
		{DB3FD21D-68B9-421C-9D24-71CEADC74A15}.Release|Any CPU.Build.0 = Release|Any CPU
		{6801615B-3B1C-4528-9A60-2942FEBC4A8F}.Debug|Any CPU.ActiveCfg = Debug|Any CPU
		{6801615B-3B1C-4528-9A60-2942FEBC4A8F}.Debug|Any CPU.Build.0 = Debug|Any CPU
		{6801615B-3B1C-4528-9A60-2942FEBC4A8F}.Release|Any CPU.ActiveCfg = Release|Any CPU
		{6801615B-3B1C-4528-9A60-2942FEBC4A8F}.Release|Any CPU.Build.0 = Release|Any CPU
		{866AF378-C2F0-4E27-8A88-679A246DC6C3}.Debug|Any CPU.ActiveCfg = Debug|Any CPU
		{866AF378-C2F0-4E27-8A88-679A246DC6C3}.Debug|Any CPU.Build.0 = Debug|Any CPU
		{866AF378-C2F0-4E27-8A88-679A246DC6C3}.Release|Any CPU.ActiveCfg = Release|Any CPU
		{866AF378-C2F0-4E27-8A88-679A246DC6C3}.Release|Any CPU.Build.0 = Release|Any CPU
	EndGlobalSection
	GlobalSection(SolutionProperties) = preSolution
		HideSolutionNode = FALSE
	EndGlobalSection
	GlobalSection(NestedProjects) = preSolution
		{6D6EBCC5-DB06-4F21-9CFC-D2B09E95E09C} = {6EB8AF6C-DC45-4096-867A-1C955671DCFD}
		{DB3FD21D-68B9-421C-9D24-71CEADC74A15} = {57F68E89-F3D9-4C0F-A101-48C7C1BF0BDE}
		{6801615B-3B1C-4528-9A60-2942FEBC4A8F} = {98DB9661-08C8-4584-9E12-1B24087DDB4B}
		{866AF378-C2F0-4E27-8A88-679A246DC6C3} = {5A4D69F4-A453-49FE-B5AD-37332F1FDEF5}
	EndGlobalSection
EndGlobal
